
Microsoft Visual Studio Solution File, Format Version 12.00
# Visual Studio Version 17
VisualStudioVersion = 17.9.34607.119
MinimumVisualStudioVersion = 10.0.40219.1
Project("{FAE04EC0-301F-11D3-BF4B-00C04F79EFBC}") = "baitap_themphantuvaomang", "baitap_themphantuvaomang\baitap_themphantuvaomang.csproj", "{DDF4BED9-6160-46EC-B553-7AF406A4536E}"
EndProject
Global
	GlobalSection(SolutionConfigurationPlatforms) = preSolution
		Debug|Any CPU = Debug|Any CPU
		Release|Any CPU = Release|Any CPU
	EndGlobalSection
	GlobalSection(ProjectConfigurationPlatforms) = postSolution
		{DDF4BED9-6160-46EC-B553-7AF406A4536E}.Debug|Any CPU.ActiveCfg = Debug|Any CPU
		{DDF4BED9-6160-46EC-B553-7AF406A4536E}.Debug|Any CPU.Build.0 = Debug|Any CPU
		{DDF4BED9-6160-46EC-B553-7AF406A4536E}.Release|Any CPU.ActiveCfg = Release|Any CPU
		{DDF4BED9-6160-46EC-B553-7AF406A4536E}.Release|Any CPU.Build.0 = Release|Any CPU
	EndGlobalSection
	GlobalSection(SolutionProperties) = preSolution
		HideSolutionNode = FALSE
	EndGlobalSection
	GlobalSection(ExtensibilityGlobals) = postSolution
		SolutionGuid = {22A04F67-FFAD-4656-9EDB-B1F9FA21ABB8}
	EndGlobalSection
EndGlobal
